// !$*UTF8*$!
{
	archiveVersion = 1;
	classes = {
	};
	objectVersion = 56;
	objects = {

/* Begin PBXBuildFile section */
		45C702462B86CADD0074C78B /* RealityKitContent in Frameworks */ = {isa = PBXBuildFile; productRef = 45C702452B86CADD0074C78B /* RealityKitContent */; };
		45C702482B86CADD0074C78B /* ShaderGraphTestApp.swift in Sources */ = {isa = PBXBuildFile; fileRef = 45C702472B86CADD0074C78B /* ShaderGraphTestApp.swift */; };
		45C7024A2B86CADD0074C78B /* ContentView.swift in Sources */ = {isa = PBXBuildFile; fileRef = 45C702492B86CADD0074C78B /* ContentView.swift */; };
		45C7024C2B86CADE0074C78B /* Assets.xcassets in Resources */ = {isa = PBXBuildFile; fileRef = 45C7024B2B86CADE0074C78B /* Assets.xcassets */; };
		45FA8E4F2B87CECF0055D4DD /* RealityKitSupport in Frameworks */ = {isa = PBXBuildFile; productRef = 45FA8E4E2B87CECF0055D4DD /* RealityKitSupport */; };
/* End PBXBuildFile section */

/* Begin PBXFileReference section */
		45C702402B86CADD0074C78B /* ShaderGraphParameterAnimationExample.app */ = {isa = PBXFileReference; explicitFileType = wrapper.application; includeInIndex = 0; path = ShaderGraphParameterAnimationExample.app; sourceTree = BUILT_PRODUCTS_DIR; };
		45C702442B86CADD0074C78B /* RealityKitContent */ = {isa = PBXFileReference; lastKnownFileType = wrapper; path = RealityKitContent; sourceTree = "<group>"; };
		45C702472B86CADD0074C78B /* ShaderGraphTestApp.swift */ = {isa = PBXFileReference; lastKnownFileType = sourcecode.swift; path = ShaderGraphTestApp.swift; sourceTree = "<group>"; };
		45C702492B86CADD0074C78B /* ContentView.swift */ = {isa = PBXFileReference; lastKnownFileType = sourcecode.swift; path = ContentView.swift; sourceTree = "<group>"; };
		45C7024B2B86CADE0074C78B /* Assets.xcassets */ = {isa = PBXFileReference; lastKnownFileType = folder.assetcatalog; path = Assets.xcassets; sourceTree = "<group>"; };
		45C702502B86CADE0074C78B /* Info.plist */ = {isa = PBXFileReference; lastKnownFileType = text.plist.xml; path = Info.plist; sourceTree = "<group>"; };
/* End PBXFileReference section */

/* Begin PBXFrameworksBuildPhase section */
		45C7023D2B86CADD0074C78B /* Frameworks */ = {
			isa = PBXFrameworksBuildPhase;
			buildActionMask = 2147483647;
			files = (
				45FA8E4F2B87CECF0055D4DD /* RealityKitSupport in Frameworks */,
				45C702462B86CADD0074C78B /* RealityKitContent in Frameworks */,
			);
			runOnlyForDeploymentPostprocessing = 0;
		};
/* End PBXFrameworksBuildPhase section */

/* Begin PBXGroup section */
		45C702372B86CADD0074C78B = {
			isa = PBXGroup;
			children = (
				45C702422B86CADD0074C78B /* ShaderGraphParameterAnimationExample */,
				45C702432B86CADD0074C78B /* Packages */,
				45C702412B86CADD0074C78B /* Products */,
			);
			sourceTree = "<group>";
		};
		45C702412B86CADD0074C78B /* Products */ = {
			isa = PBXGroup;
			children = (
				45C702402B86CADD0074C78B /* ShaderGraphParameterAnimationExample.app */,
			);
			name = Products;
			sourceTree = "<group>";
		};
		45C702422B86CADD0074C78B /* ShaderGraphParameterAnimationExample */ = {
			isa = PBXGroup;
			children = (
				45C702472B86CADD0074C78B /* ShaderGraphTestApp.swift */,
				45C702492B86CADD0074C78B /* ContentView.swift */,
				45C7024B2B86CADE0074C78B /* Assets.xcassets */,
				45C702502B86CADE0074C78B /* Info.plist */,
			);
			path = ShaderGraphParameterAnimationExample;
			sourceTree = "<group>";
		};
		45C702432B86CADD0074C78B /* Packages */ = {
			isa = PBXGroup;
			children = (
				45C702442B86CADD0074C78B /* RealityKitContent */,
			);
			path = Packages;
			sourceTree = "<group>";
		};
/* End PBXGroup section */

/* Begin PBXNativeTarget section */
		45C7023F2B86CADD0074C78B /* ShaderGraphParameterAnimationExample */ = {
			isa = PBXNativeTarget;
			buildConfigurationList = 45C702532B86CADE0074C78B /* Build configuration list for PBXNativeTarget "ShaderGraphParameterAnimationExample" */;
			buildPhases = (
				45C7023C2B86CADD0074C78B /* Sources */,
				45C7023D2B86CADD0074C78B /* Frameworks */,
				45C7023E2B86CADD0074C78B /* Resources */,
			);
			buildRules = (
			);
			dependencies = (
			);
			name = ShaderGraphParameterAnimationExample;
			packageProductDependencies = (
				45C702452B86CADD0074C78B /* RealityKitContent */,
				45FA8E4E2B87CECF0055D4DD /* RealityKitSupport */,
			);
			productName = ShaderGraphTest;
			productReference = 45C702402B86CADD0074C78B /* ShaderGraphParameterAnimationExample.app */;
			productType = "com.apple.product-type.application";
		};
/* End PBXNativeTarget section */

/* Begin PBXProject section */
		45C702382B86CADD0074C78B /* Project object */ = {
			isa = PBXProject;
			attributes = {
				BuildIndependentTargetsInParallel = 1;
				LastSwiftUpdateCheck = 1530;
				LastUpgradeCheck = 1530;
				TargetAttributes = {
					45C7023F2B86CADD0074C78B = {
						CreatedOnToolsVersion = 15.3;
					};
				};
			};
			buildConfigurationList = 45C7023B2B86CADD0074C78B /* Build configuration list for PBXProject "ShaderGraphParameterAnimationExample" */;
			compatibilityVersion = "Xcode 14.0";
			developmentRegion = en;
			hasScannedForEncodings = 0;
			knownRegions = (
				en,
				Base,
			);
			mainGroup = 45C702372B86CADD0074C78B;
			packageReferences = (
				45FA8E4D2B87CECF0055D4DD /* XCRemoteSwiftPackageReference "RealityKitSupport" */,
			);
			productRefGroup = 45C702412B86CADD0074C78B /* Products */;
			projectDirPath = "";
			projectRoot = "";
			targets = (
				45C7023F2B86CADD0074C78B /* ShaderGraphParameterAnimationExample */,
			);
		};
/* End PBXProject section */

/* Begin PBXResourcesBuildPhase section */
		45C7023E2B86CADD0074C78B /* Resources */ = {
			isa = PBXResourcesBuildPhase;
			buildActionMask = 2147483647;
			files = (
				45C7024C2B86CADE0074C78B /* Assets.xcassets in Resources */,
			);
			runOnlyForDeploymentPostprocessing = 0;
		};
/* End PBXResourcesBuildPhase section */

/* Begin PBXSourcesBuildPhase section */
		45C7023C2B86CADD0074C78B /* Sources */ = {
			isa = PBXSourcesBuildPhase;
			buildActionMask = 2147483647;
			files = (
				45C7024A2B86CADD0074C78B /* ContentView.swift in Sources */,
				45C702482B86CADD0074C78B /* ShaderGraphTestApp.swift in Sources */,
			);
			runOnlyForDeploymentPostprocessing = 0;
		};
/* End PBXSourcesBuildPhase section */

/* Begin XCBuildConfiguration section */
		45C702512B86CADE0074C78B /* Debug */ = {
			isa = XCBuildConfiguration;
			buildSettings = {
				ALWAYS_SEARCH_USER_PATHS = NO;
				ASSETCATALOG_COMPILER_GENERATE_SWIFT_ASSET_SYMBOL_EXTENSIONS = YES;
				CLANG_ANALYZER_NONNULL = YES;
				CLANG_ANALYZER_NUMBER_OBJECT_CONVERSION = YES_AGGRESSIVE;
				CLANG_CXX_LANGUAGE_STANDARD = "gnu++20";
				CLANG_ENABLE_MODULES = YES;
				CLANG_ENABLE_OBJC_ARC = YES;
				CLANG_ENABLE_OBJC_WEAK = YES;
				CLANG_WARN_BLOCK_CAPTURE_AUTORELEASING = YES;
				CLANG_WARN_BOOL_CONVERSION = YES;
				CLANG_WARN_COMMA = YES;
				CLANG_WARN_CONSTANT_CONVERSION = YES;
				CLANG_WARN_DEPRECATED_OBJC_IMPLEMENTATIONS = YES;
				CLANG_WARN_DIRECT_OBJC_ISA_USAGE = YES_ERROR;
				CLANG_WARN_DOCUMENTATION_COMMENTS = YES;
				CLANG_WARN_EMPTY_BODY = YES;
				CLANG_WARN_ENUM_CONVERSION = YES;
				CLANG_WARN_INFINITE_RECURSION = YES;
				CLANG_WARN_INT_CONVERSION = YES;
				CLANG_WARN_NON_LITERAL_NULL_CONVERSION = YES;
				CLANG_WARN_OBJC_IMPLICIT_RETAIN_SELF = YES;
				CLANG_WARN_OBJC_LITERAL_CONVERSION = YES;
				CLANG_WARN_OBJC_ROOT_CLASS = YES_ERROR;
				CLANG_WARN_QUOTED_INCLUDE_IN_FRAMEWORK_HEADER = YES;
				CLANG_WARN_RANGE_LOOP_ANALYSIS = YES;
				CLANG_WARN_STRICT_PROTOTYPES = YES;
				CLANG_WARN_SUSPICIOUS_MOVE = YES;
				CLANG_WARN_UNGUARDED_AVAILABILITY = YES_AGGRESSIVE;
				CLANG_WARN_UNREACHABLE_CODE = YES;
				CLANG_WARN__DUPLICATE_METHOD_MATCH = YES;
				COPY_PHASE_STRIP = NO;
				DEBUG_INFORMATION_FORMAT = dwarf;
				ENABLE_STRICT_OBJC_MSGSEND = YES;
				ENABLE_TESTABILITY = YES;
				ENABLE_USER_SCRIPT_SANDBOXING = YES;
				GCC_C_LANGUAGE_STANDARD = gnu17;
				GCC_DYNAMIC_NO_PIC = NO;
				GCC_NO_COMMON_BLOCKS = YES;
				GCC_OPTIMIZATION_LEVEL = 0;
				GCC_PREPROCESSOR_DEFINITIONS = (
					"DEBUG=1",
					"$(inherited)",
				);
				GCC_WARN_64_TO_32_BIT_CONVERSION = YES;
				GCC_WARN_ABOUT_RETURN_TYPE = YES_ERROR;
				GCC_WARN_UNDECLARED_SELECTOR = YES;
				GCC_WARN_UNINITIALIZED_AUTOS = YES_AGGRESSIVE;
				GCC_WARN_UNUSED_FUNCTION = YES;
				GCC_WARN_UNUSED_VARIABLE = YES;
				LOCALIZATION_PREFERS_STRING_CATALOGS = YES;
				MTL_ENABLE_DEBUG_INFO = INCLUDE_SOURCE;
				MTL_FAST_MATH = YES;
				ONLY_ACTIVE_ARCH = YES;
				SDKROOT = xros;
				SWIFT_ACTIVE_COMPILATION_CONDITIONS = "DEBUG $(inherited)";
				SWIFT_OPTIMIZATION_LEVEL = "-Onone";
				XROS_DEPLOYMENT_TARGET = 1.1;
			};
			name = Debug;
		};
		45C702522B86CADE0074C78B /* Release */ = {
			isa = XCBuildConfiguration;
			buildSettings = {
				ALWAYS_SEARCH_USER_PATHS = NO;
				ASSETCATALOG_COMPILER_GENERATE_SWIFT_ASSET_SYMBOL_EXTENSIONS = YES;
				CLANG_ANALYZER_NONNULL = YES;
				CLANG_ANALYZER_NUMBER_OBJECT_CONVERSION = YES_AGGRESSIVE;
				CLANG_CXX_LANGUAGE_STANDARD = "gnu++20";
				CLANG_ENABLE_MODULES = YES;
				CLANG_ENABLE_OBJC_ARC = YES;
				CLANG_ENABLE_OBJC_WEAK = YES;
				CLANG_WARN_BLOCK_CAPTURE_AUTORELEASING = YES;
				CLANG_WARN_BOOL_CONVERSION = YES;
				CLANG_WARN_COMMA = YES;
				CLANG_WARN_CONSTANT_CONVERSION = YES;
				CLANG_WARN_DEPRECATED_OBJC_IMPLEMENTATIONS = YES;
				CLANG_WARN_DIRECT_OBJC_ISA_USAGE = YES_ERROR;
				CLANG_WARN_DOCUMENTATION_COMMENTS = YES;
				CLANG_WARN_EMPTY_BODY = YES;
				CLANG_WARN_ENUM_CONVERSION = YES;
				CLANG_WARN_INFINITE_RECURSION = YES;
				CLANG_WARN_INT_CONVERSION = YES;
				CLANG_WARN_NON_LITERAL_NULL_CONVERSION = YES;
				CLANG_WARN_OBJC_IMPLICIT_RETAIN_SELF = YES;
				CLANG_WARN_OBJC_LITERAL_CONVERSION = YES;
				CLANG_WARN_OBJC_ROOT_CLASS = YES_ERROR;
				CLANG_WARN_QUOTED_INCLUDE_IN_FRAMEWORK_HEADER = YES;
				CLANG_WARN_RANGE_LOOP_ANALYSIS = YES;
				CLANG_WARN_STRICT_PROTOTYPES = YES;
				CLANG_WARN_SUSPICIOUS_MOVE = YES;
				CLANG_WARN_UNGUARDED_AVAILABILITY = YES_AGGRESSIVE;
				CLANG_WARN_UNREACHABLE_CODE = YES;
				CLANG_WARN__DUPLICATE_METHOD_MATCH = YES;
				COPY_PHASE_STRIP = NO;
				DEBUG_INFORMATION_FORMAT = "dwarf-with-dsym";
				ENABLE_NS_ASSERTIONS = NO;
				ENABLE_STRICT_OBJC_MSGSEND = YES;
				ENABLE_USER_SCRIPT_SANDBOXING = YES;
				GCC_C_LANGUAGE_STANDARD = gnu17;
				GCC_NO_COMMON_BLOCKS = YES;
				GCC_WARN_64_TO_32_BIT_CONVERSION = YES;
				GCC_WARN_ABOUT_RETURN_TYPE = YES_ERROR;
				GCC_WARN_UNDECLARED_SELECTOR = YES;
				GCC_WARN_UNINITIALIZED_AUTOS = YES_AGGRESSIVE;
				GCC_WARN_UNUSED_FUNCTION = YES;
				GCC_WARN_UNUSED_VARIABLE = YES;
				LOCALIZATION_PREFERS_STRING_CATALOGS = YES;
				MTL_ENABLE_DEBUG_INFO = NO;
				MTL_FAST_MATH = YES;
				SDKROOT = xros;
				SWIFT_COMPILATION_MODE = wholemodule;
				VALIDATE_PRODUCT = YES;
				XROS_DEPLOYMENT_TARGET = 1.1;
			};
			name = Release;
		};
		45C702542B86CADE0074C78B /* Debug */ = {
			isa = XCBuildConfiguration;
			buildSettings = {
				ASSETCATALOG_COMPILER_APPICON_NAME = AppIcon;
				ASSETCATALOG_COMPILER_GLOBAL_ACCENT_COLOR_NAME = AccentColor;
				CODE_SIGN_STYLE = Automatic;
				CURRENT_PROJECT_VERSION = 1;
				DEVELOPMENT_TEAM = 6E23EP94PG;
				ENABLE_PREVIEWS = YES;
				GENERATE_INFOPLIST_FILE = YES;
				INFOPLIST_FILE = "$(TARGET_NAME)/Info.plist";
				LD_RUNPATH_SEARCH_PATHS = (
					"$(inherited)",
					"@executable_path/Frameworks",
				);
				MARKETING_VERSION = 1.0;
				PRODUCT_BUNDLE_IDENTIFIER = io.schwa.ShaderGraphParameterAnimationExample;
				PRODUCT_NAME = "$(TARGET_NAME)";
				SUPPORTED_PLATFORMS = "xros xrsimulator";
				SWIFT_EMIT_LOC_STRINGS = YES;
				SWIFT_VERSION = 5.0;
				TARGETED_DEVICE_FAMILY = "1,2,7";
			};
			name = Debug;
		};
		45C702552B86CADE0074C78B /* Release */ = {
			isa = XCBuildConfiguration;
			buildSettings = {
				ASSETCATALOG_COMPILER_APPICON_NAME = AppIcon;
				ASSETCATALOG_COMPILER_GLOBAL_ACCENT_COLOR_NAME = AccentColor;
				CODE_SIGN_STYLE = Automatic;
				CURRENT_PROJECT_VERSION = 1;
				DEVELOPMENT_TEAM = 6E23EP94PG;
				ENABLE_PREVIEWS = YES;
				GENERATE_INFOPLIST_FILE = YES;
				INFOPLIST_FILE = "$(TARGET_NAME)/Info.plist";
				LD_RUNPATH_SEARCH_PATHS = (
					"$(inherited)",
					"@executable_path/Frameworks",
				);
				MARKETING_VERSION = 1.0;
				PRODUCT_BUNDLE_IDENTIFIER = io.schwa.ShaderGraphParameterAnimationExample;
				PRODUCT_NAME = "$(TARGET_NAME)";
				SUPPORTED_PLATFORMS = "xros xrsimulator";
				SWIFT_EMIT_LOC_STRINGS = YES;
				SWIFT_VERSION = 5.0;
				TARGETED_DEVICE_FAMILY = "1,2,7";
			};
			name = Release;
		};
/* End XCBuildConfiguration section */

/* Begin XCConfigurationList section */
		45C7023B2B86CADD0074C78B /* Build configuration list for PBXProject "ShaderGraphParameterAnimationExample" */ = {
			isa = XCConfigurationList;
			buildConfigurations = (
				45C702512B86CADE0074C78B /* Debug */,
				45C702522B86CADE0074C78B /* Release */,
			);
			defaultConfigurationIsVisible = 0;
			defaultConfigurationName = Release;
		};
		45C702532B86CADE0074C78B /* Build configuration list for PBXNativeTarget "ShaderGraphParameterAnimationExample" */ = {
			isa = XCConfigurationList;
			buildConfigurations = (
				45C702542B86CADE0074C78B /* Debug */,
				45C702552B86CADE0074C78B /* Release */,
			);
			defaultConfigurationIsVisible = 0;
			defaultConfigurationName = Release;
		};
/* End XCConfigurationList section */

/* Begin XCRemoteSwiftPackageReference section */
		45FA8E4D2B87CECF0055D4DD /* XCRemoteSwiftPackageReference "RealityKitSupport" */ = {
			isa = XCRemoteSwiftPackageReference;
			repositoryURL = "https://github.com/schwa/RealityKitSupport";
			requirement = {
				branch = main;
				kind = branch;
			};
		};
/* End XCRemoteSwiftPackageReference section */

/* Begin XCSwiftPackageProductDependency section */
		45C702452B86CADD0074C78B /* RealityKitContent */ = {
			isa = XCSwiftPackageProductDependency;
			productName = RealityKitContent;
		};
		45FA8E4E2B87CECF0055D4DD /* RealityKitSupport */ = {
			isa = XCSwiftPackageProductDependency;
			package = 45FA8E4D2B87CECF0055D4DD /* XCRemoteSwiftPackageReference "RealityKitSupport" */;
			productName = RealityKitSupport;
		};
/* End XCSwiftPackageProductDependency section */
	};
	rootObject = 45C702382B86CADD0074C78B /* Project object */;
}
